
Microsoft Visual Studio Solution File, Format Version 12.00
# Visual Studio Version 16
VisualStudioVersion = 16.0.30611.23
MinimumVisualStudioVersion = 10.0.40219.1
Project("{9A19103F-16F7-4668-BE54-9A1E7A4F7556}") = "GameChess.Console", "Chess.Console\GameChess.Console.csproj", "{3D437568-31CD-4F02-9B03-4769178CC3D2}"
EndProject
Project("{9A19103F-16F7-4668-BE54-9A1E7A4F7556}") = "GameChess.Core", "Chess.Core\GameChess.Core.csproj", "{57094E95-D893-46DC-80CB-E2074D009D48}"
EndProject
Project("{9A19103F-16F7-4668-BE54-9A1E7A4F7556}") = "GameChess.Infrastructure", "Chess.Infraestructure\GameChess.Infrastructure.csproj", "{46885977-4426-4677-B0AC-67BCBB91B413}"
EndProject
Global
	GlobalSection(SolutionConfigurationPlatforms) = preSolution
		Debug|Any CPU = Debug|Any CPU
		Release|Any CPU = Release|Any CPU
	EndGlobalSection
	GlobalSection(ProjectConfigurationPlatforms) = postSolution
		{3D437568-31CD-4F02-9B03-4769178CC3D2}.Debug|Any CPU.ActiveCfg = Debug|Any CPU
		{3D437568-31CD-4F02-9B03-4769178CC3D2}.Debug|Any CPU.Build.0 = Debug|Any CPU
		{3D437568-31CD-4F02-9B03-4769178CC3D2}.Release|Any CPU.ActiveCfg = Release|Any CPU
		{3D437568-31CD-4F02-9B03-4769178CC3D2}.Release|Any CPU.Build.0 = Release|Any CPU
		{57094E95-D893-46DC-80CB-E2074D009D48}.Debug|Any CPU.ActiveCfg = Debug|Any CPU
		{57094E95-D893-46DC-80CB-E2074D009D48}.Debug|Any CPU.Build.0 = Debug|Any CPU
		{57094E95-D893-46DC-80CB-E2074D009D48}.Release|Any CPU.ActiveCfg = Release|Any CPU
		{57094E95-D893-46DC-80CB-E2074D009D48}.Release|Any CPU.Build.0 = Release|Any CPU
		{46885977-4426-4677-B0AC-67BCBB91B413}.Debug|Any CPU.ActiveCfg = Debug|Any CPU
		{46885977-4426-4677-B0AC-67BCBB91B413}.Debug|Any CPU.Build.0 = Debug|Any CPU
		{46885977-4426-4677-B0AC-67BCBB91B413}.Release|Any CPU.ActiveCfg = Release|Any CPU
		{46885977-4426-4677-B0AC-67BCBB91B413}.Release|Any CPU.Build.0 = Release|Any CPU
	EndGlobalSection
	GlobalSection(SolutionProperties) = preSolution
		HideSolutionNode = FALSE
	EndGlobalSection
	GlobalSection(ExtensibilityGlobals) = postSolution
		SolutionGuid = {B3DF19F8-C82B-401C-9160-322B143C0B1A}
	EndGlobalSection
EndGlobal
